
Microsoft Visual Studio Solution File, Format Version 12.00
# Visual Studio 15
VisualStudioVersion = 15.0.27004.2006
MinimumVisualStudioVersion = 10.0.40219.1
Project("{FAE04EC0-301F-11D3-BF4B-00C04F79EFBC}") = "TimeTracker", "TimeTracker\TimeTracker.csproj", "{36ADB52F-32A1-4BDD-9835-C521DCE37BDE}"
EndProject
Global
	GlobalSection(SolutionConfigurationPlatforms) = preSolution
		Debug|Any CPU = Debug|Any CPU
		Release|Any CPU = Release|Any CPU
	EndGlobalSection
	GlobalSection(ProjectConfigurationPlatforms) = postSolution
		{36ADB52F-32A1-4BDD-9835-C521DCE37BDE}.Debug|Any CPU.ActiveCfg = Release|Any CPU
		{36ADB52F-32A1-4BDD-9835-C521DCE37BDE}.Debug|Any CPU.Build.0 = Release|Any CPU
		{36ADB52F-32A1-4BDD-9835-C521DCE37BDE}.Release|Any CPU.ActiveCfg = Release|Any CPU
		{36ADB52F-32A1-4BDD-9835-C521DCE37BDE}.Release|Any CPU.Build.0 = Release|Any CPU
	EndGlobalSection
	GlobalSection(SolutionProperties) = preSolution
		HideSolutionNode = FALSE
	EndGlobalSection
	GlobalSection(ExtensibilityGlobals) = postSolution
		SolutionGuid = {846545E6-1F2B-4884-8A08-03A13E41245F}
	EndGlobalSection
EndGlobal
